
Microsoft Visual Studio Solution File, Format Version 10.00
# Visual Studio 2008
Project("{FAE04EC0-301F-11D3-BF4B-00C04F79EFBC}") = "HelloGIT", "HelloGIT\HelloGIT.csproj", "{1EA73D53-16E7-45EF-ABC6-87F8A67E5C0C}"
EndProject
Global
	GlobalSection(SolutionConfigurationPlatforms) = preSolution
		Debug|Any CPU = Debug|Any CPU
		Release|Any CPU = Release|Any CPU
	EndGlobalSection
	GlobalSection(ProjectConfigurationPlatforms) = postSolution
		{1EA73D53-16E7-45EF-ABC6-87F8A67E5C0C}.Debug|Any CPU.ActiveCfg = Debug|Any CPU
		{1EA73D53-16E7-45EF-ABC6-87F8A67E5C0C}.Debug|Any CPU.Build.0 = Debug|Any CPU
		{1EA73D53-16E7-45EF-ABC6-87F8A67E5C0C}.Release|Any CPU.ActiveCfg = Release|Any CPU
		{1EA73D53-16E7-45EF-ABC6-87F8A67E5C0C}.Release|Any CPU.Build.0 = Release|Any CPU
	EndGlobalSection
	GlobalSection(SolutionProperties) = preSolution
		HideSolutionNode = FALSE
	EndGlobalSection
EndGlobal
